PODS:
  - AFNetworking (2.6.0):
    - AFNetworking/NSURLConnection (= 2.6.0)
    - AFNetworking/NSURLSession (= 2.6.0)
    - AFNetworking/Reachability (= 2.6.0)
    - AFNetworking/Security (= 2.6.0)
    - AFNetworking/Serialization (= 2.6.0)
    - AFNetworking/UIKit (= 2.6.0)
  - AFNetworking/NSURLConnection (2.6.0):
    - AFNetworking/Reachability
    - AFNetworking/Security
    - AFNetworking/Serialization
  - AFNetworking/NSURLSession (2.6.0):
    - AFNetworking/Reachability
    - AFNetworking/Security
    - AFNetworking/Serialization
  - AFNetworking/Reachability (2.6.0)
  - AFNetworking/Security (2.6.0)
  - AFNetworking/Serialization (2.6.0)
  - AFNetworking/UIKit (2.6.0):
    - AFNetworking/NSURLConnection
    - AFNetworking/NSURLSession
  - CHTCollectionViewWaterfallLayout (0.5)
  - MBProgressHUD (0.9.1)
  - SWRevealViewController (2.3.0)

DEPENDENCIES:
  - AFNetworking (~> 2.0)
  - CHTCollectionViewWaterfallLayout (from `https://github.com/amaechler/CHTCollectionViewWaterfallLayout.git`)
  - MBProgressHUD (~> 0.8)
  - SWRevealViewController (~> 2.0)

EXTERNAL SOURCES:
  CHTCollectionViewWaterfallLayout:
    :git: https://github.com/amaechler/CHTCollectionViewWaterfallLayout.git

CHECKOUT OPTIONS:
  CHTCollectionViewWaterfallLayout:
    :commit: f0561f2012f3d97c50e43fd77aa0bd94e8669caf
    :git: https://github.com/amaechler/CHTCollectionViewWaterfallLayout.git

SPEC CHECKSUMS:
  AFNetworking: 79f7eb1a0fcfa7beb409332b2ca49afe9ce53b05
  CHTCollectionViewWaterfallLayout: 0258ef933a01529c4239dbbdb8feeee7464f0a84
  MBProgressHUD: c47f2c166c126cf2ce36498d80f33e754d4e93ad
  SWRevealViewController: 6d3fd97f70112fd7cef9de14df4260eacce4c63a

COCOAPODS: 0.38.2
